
Microsoft Visual Studio Solution File, Format Version 12.00
# Visual Studio Version 16
VisualStudioVersion = 16.0.33328.57
MinimumVisualStudioVersion = 10.0.40219.1
Project("{FAE04EC0-301F-11D3-BF4B-00C04F79EFBC}") = "SALTED_DataInjection", "SALTED_DataInjection.csproj", "{68E7B73A-1890-4951-A122-74E5B7407B83}"
EndProject
Project("{FAE04EC0-301F-11D3-BF4B-00C04F79EFBC}") = "amperUtil", "..\SALTED_Common\amperUtil\amperUtil.csproj", "{A4E9F7E5-5308-45FF-8E73-A6F96E814F88}"
EndProject
Global
	GlobalSection(SolutionConfigurationPlatforms) = preSolution
		Debug|Any CPU = Debug|Any CPU
		Release|Any CPU = Release|Any CPU
	EndGlobalSection
	GlobalSection(ProjectConfigurationPlatforms) = postSolution
		{68E7B73A-1890-4951-A122-74E5B7407B83}.Debug|Any CPU.ActiveCfg = Debug|Any CPU
		{68E7B73A-1890-4951-A122-74E5B7407B83}.Debug|Any CPU.Build.0 = Debug|Any CPU
		{68E7B73A-1890-4951-A122-74E5B7407B83}.Release|Any CPU.ActiveCfg = Release|Any CPU
		{68E7B73A-1890-4951-A122-74E5B7407B83}.Release|Any CPU.Build.0 = Release|Any CPU
		{A4E9F7E5-5308-45FF-8E73-A6F96E814F88}.Debug|Any CPU.ActiveCfg = Debug|Any CPU
		{A4E9F7E5-5308-45FF-8E73-A6F96E814F88}.Debug|Any CPU.Build.0 = Debug|Any CPU
		{A4E9F7E5-5308-45FF-8E73-A6F96E814F88}.Release|Any CPU.ActiveCfg = Release|Any CPU
		{A4E9F7E5-5308-45FF-8E73-A6F96E814F88}.Release|Any CPU.Build.0 = Release|Any CPU
	EndGlobalSection
	GlobalSection(SolutionProperties) = preSolution
		HideSolutionNode = FALSE
	EndGlobalSection
	GlobalSection(ExtensibilityGlobals) = postSolution
		SolutionGuid = {07658A25-A822-48DB-8E2D-4E42F153B7CE}
	EndGlobalSection
EndGlobal
